
Microsoft Visual Studio Solution File, Format Version 12.00
# Visual Studio Version 17
VisualStudioVersion = 17.8.34322.80
MinimumVisualStudioVersion = 10.0.40219.1
Project("{FAE04EC0-301F-11D3-BF4B-00C04F79EFBC}") = "StudentPowersAPI", "StudentPowersAPI.csproj", "{91EC6081-6FF9-4438-A4DF-CB02CBF11000}"
EndProject
Global
	GlobalSection(SolutionConfigurationPlatforms) = preSolution
		Debug|Any CPU = Debug|Any CPU
		Release|Any CPU = Release|Any CPU
	EndGlobalSection
	GlobalSection(ProjectConfigurationPlatforms) = postSolution
		{91EC6081-6FF9-4438-A4DF-CB02CBF11000}.Debug|Any CPU.ActiveCfg = Debug|Any CPU
		{91EC6081-6FF9-4438-A4DF-CB02CBF11000}.Debug|Any CPU.Build.0 = Debug|Any CPU
		{91EC6081-6FF9-4438-A4DF-CB02CBF11000}.Release|Any CPU.ActiveCfg = Release|Any CPU
		{91EC6081-6FF9-4438-A4DF-CB02CBF11000}.Release|Any CPU.Build.0 = Release|Any CPU
	EndGlobalSection
	GlobalSection(SolutionProperties) = preSolution
		HideSolutionNode = FALSE
	EndGlobalSection
	GlobalSection(ExtensibilityGlobals) = postSolution
		SolutionGuid = {B45CD3C0-701E-4F32-A498-6E031765B714}
	EndGlobalSection
EndGlobal
